
Microsoft Visual Studio Solution File, Format Version 12.00
# Visual Studio Version 17
VisualStudioVersion = 17.2.32630.192
MinimumVisualStudioVersion = 10.0.40219.1
Project("{8BC9CEB8-8B4A-11D0-8D11-00A0C91BC942}") = "Core", "Core\Core.vcxproj", "{FCAB9AA6-D74E-4C57-861F-E43ABA9AAA96}"
EndProject
Project("{8BC9CEB8-8B4A-11D0-8D11-00A0C91BC942}") = "DisplaySplash", "DisplaySplash\DisplaySplash.vcxproj", "{FDD42E0D-FA0D-42D3-BBD4-104D3AEF1D92}"
EndProject
Project("{8BC9CEB8-8B4A-11D0-8D11-00A0C91BC942}") = "GLFW", "Dependencies\GLFW\GLFW.vcxproj", "{5D65EFE6-5432-46E6-BEB0-DB3545ABF5D6}"
EndProject
Project("{8BC9CEB8-8B4A-11D0-8D11-00A0C91BC942}") = "GLAD", "Dependencies\GLAD\GLAD.vcxproj", "{68B9CFFD-0F48-4B19-B1B5-C975797CDDEC}"
EndProject
Project("{8BC9CEB8-8B4A-11D0-8D11-00A0C91BC942}") = "OPENAL", "Dependencies\OPENAL\OPENAL.vcxproj", "{3B1ECB7D-64CD-43E2-8515-340E2749DB4C}"
EndProject
Global
	GlobalSection(SolutionConfigurationPlatforms) = preSolution
		Debug|x64 = Debug|x64
		Debug|x86 = Debug|x86
		Release|x64 = Release|x64
		Release|x86 = Release|x86
	EndGlobalSection
	GlobalSection(ProjectConfigurationPlatforms) = postSolution
		{FCAB9AA6-D74E-4C57-861F-E43ABA9AAA96}.Debug|x64.ActiveCfg = Debug|x64
		{FCAB9AA6-D74E-4C57-861F-E43ABA9AAA96}.Debug|x64.Build.0 = Debug|x64
		{FCAB9AA6-D74E-4C57-861F-E43ABA9AAA96}.Debug|x86.ActiveCfg = Debug|Win32
		{FCAB9AA6-D74E-4C57-861F-E43ABA9AAA96}.Debug|x86.Build.0 = Debug|Win32
		{FCAB9AA6-D74E-4C57-861F-E43ABA9AAA96}.Release|x64.ActiveCfg = Debug|x64
		{FCAB9AA6-D74E-4C57-861F-E43ABA9AAA96}.Release|x64.Build.0 = Debug|x64
		{FCAB9AA6-D74E-4C57-861F-E43ABA9AAA96}.Release|x86.ActiveCfg = Release|Win32
		{FCAB9AA6-D74E-4C57-861F-E43ABA9AAA96}.Release|x86.Build.0 = Release|Win32
		{FDD42E0D-FA0D-42D3-BBD4-104D3AEF1D92}.Debug|x64.ActiveCfg = Debug|x64
		{FDD42E0D-FA0D-42D3-BBD4-104D3AEF1D92}.Debug|x64.Build.0 = Debug|x64
		{FDD42E0D-FA0D-42D3-BBD4-104D3AEF1D92}.Debug|x86.ActiveCfg = Debug|Win32
		{FDD42E0D-FA0D-42D3-BBD4-104D3AEF1D92}.Debug|x86.Build.0 = Debug|Win32
		{FDD42E0D-FA0D-42D3-BBD4-104D3AEF1D92}.Release|x64.ActiveCfg = Release|x64
		{FDD42E0D-FA0D-42D3-BBD4-104D3AEF1D92}.Release|x64.Build.0 = Release|x64
		{FDD42E0D-FA0D-42D3-BBD4-104D3AEF1D92}.Release|x86.ActiveCfg = Release|Win32
		{FDD42E0D-FA0D-42D3-BBD4-104D3AEF1D92}.Release|x86.Build.0 = Release|Win32
		{5D65EFE6-5432-46E6-BEB0-DB3545ABF5D6}.Debug|x64.ActiveCfg = Debug|x64
		{5D65EFE6-5432-46E6-BEB0-DB3545ABF5D6}.Debug|x64.Build.0 = Debug|x64
		{5D65EFE6-5432-46E6-BEB0-DB3545ABF5D6}.Debug|x86.ActiveCfg = Debug|Win32
		{5D65EFE6-5432-46E6-BEB0-DB3545ABF5D6}.Debug|x86.Build.0 = Debug|Win32
		{5D65EFE6-5432-46E6-BEB0-DB3545ABF5D6}.Release|x64.ActiveCfg = Release|x64
		{5D65EFE6-5432-46E6-BEB0-DB3545ABF5D6}.Release|x64.Build.0 = Release|x64
		{5D65EFE6-5432-46E6-BEB0-DB3545ABF5D6}.Release|x86.ActiveCfg = Release|Win32
		{5D65EFE6-5432-46E6-BEB0-DB3545ABF5D6}.Release|x86.Build.0 = Release|Win32
		{68B9CFFD-0F48-4B19-B1B5-C975797CDDEC}.Debug|x64.ActiveCfg = Debug|x64
		{68B9CFFD-0F48-4B19-B1B5-C975797CDDEC}.Debug|x64.Build.0 = Debug|x64
		{68B9CFFD-0F48-4B19-B1B5-C975797CDDEC}.Debug|x86.ActiveCfg = Debug|Win32
		{68B9CFFD-0F48-4B19-B1B5-C975797CDDEC}.Debug|x86.Build.0 = Debug|Win32
		{68B9CFFD-0F48-4B19-B1B5-C975797CDDEC}.Release|x64.ActiveCfg = Release|x64
		{68B9CFFD-0F48-4B19-B1B5-C975797CDDEC}.Release|x64.Build.0 = Release|x64
		{68B9CFFD-0F48-4B19-B1B5-C975797CDDEC}.Release|x86.ActiveCfg = Release|Win32
		{68B9CFFD-0F48-4B19-B1B5-C975797CDDEC}.Release|x86.Build.0 = Release|Win32
		{3B1ECB7D-64CD-43E2-8515-340E2749DB4C}.Debug|x64.ActiveCfg = Debug|x64
		{3B1ECB7D-64CD-43E2-8515-340E2749DB4C}.Debug|x64.Build.0 = Debug|x64
		{3B1ECB7D-64CD-43E2-8515-340E2749DB4C}.Debug|x86.ActiveCfg = Debug|Win32
		{3B1ECB7D-64CD-43E2-8515-340E2749DB4C}.Debug|x86.Build.0 = Debug|Win32
		{3B1ECB7D-64CD-43E2-8515-340E2749DB4C}.Release|x64.ActiveCfg = Release|x64
		{3B1ECB7D-64CD-43E2-8515-340E2749DB4C}.Release|x64.Build.0 = Release|x64
		{3B1ECB7D-64CD-43E2-8515-340E2749DB4C}.Release|x86.ActiveCfg = Release|Win32
		{3B1ECB7D-64CD-43E2-8515-340E2749DB4C}.Release|x86.Build.0 = Release|Win32
	EndGlobalSection
	GlobalSection(SolutionProperties) = preSolution
		HideSolutionNode = FALSE
	EndGlobalSection
	GlobalSection(ExtensibilityGlobals) = postSolution
		SolutionGuid = {6FF13BA8-C796-43C7-880A-41F514F2AEDD}
	EndGlobalSection
EndGlobal
