
Microsoft Visual Studio Solution File, Format Version 12.00
# Visual Studio Version 17
VisualStudioVersion = 17.2.32630.192
MinimumVisualStudioVersion = 10.0.40219.1
Project("{8BC9CEB8-8B4A-11D0-8D11-00A0C91BC942}") = "Core", "Core\Core.vcxproj", "{FCAB9AA6-D74E-4C57-861F-E43ABA9AAA96}"
EndProject
Project("{8BC9CEB8-8B4A-11D0-8D11-00A0C91BC942}") = "DisplaySplash", "DisplaySplash\DisplaySplash.vcxproj", "{FDD42E0D-FA0D-42D3-BBD4-104D3AEF1D92}"
EndProject
Project("{8BC9CEB8-8B4A-11D0-8D11-00A0C91BC942}") = "GLFW", "Modules\GLFW\GLFW.vcxproj", "{39C0B91C-5F1F-4143-A3FD-D9C549C8692F}"
EndProject
Project("{8BC9CEB8-8B4A-11D0-8D11-00A0C91BC942}") = "OPENAL", "Modules\OPENAL\OPENAL.vcxproj", "{D682834C-273F-425C-ACBE-6E5304FE12F4}"
EndProject
Project("{8BC9CEB8-8B4A-11D0-8D11-00A0C91BC942}") = "GLAD", "Modules\GLAD\GLAD.vcxproj", "{68B9CFFD-0F48-4B19-B1B5-C975797CDDEC}"
EndProject
Project("{8BC9CEB8-8B4A-11D0-8D11-00A0C91BC942}") = "FREETYPE", "Modules\FREETYPE\FREETYPE.vcxproj", "{618F18B0-88D2-463A-AA2D-AC6F4BEC355C}"
EndProject
Project("{8BC9CEB8-8B4A-11D0-8D11-00A0C91BC942}") = "SOIL2", "Modules\SOIL2\SOIL2.vcxproj", "{0E48927B-13A0-43EF-8BC9-E6B3B9FD3451}"
EndProject
Project("{8BC9CEB8-8B4A-11D0-8D11-00A0C91BC942}") = "GLM", "Modules\GLM\GLM.vcxproj", "{1006B56B-0A34-4DA0-BB32-E12030E5CE4D}"
EndProject
Project("{8BC9CEB8-8B4A-11D0-8D11-00A0C91BC942}") = "DRLIB", "Modules\DRLIB\DRLIB.vcxproj", "{5762BC00-B755-4B72-B2D5-85F625A1EED4}"
EndProject
Project("{8BC9CEB8-8B4A-11D0-8D11-00A0C91BC942}") = "NetFrameworkWrangler", "NetFrameworkWrangler\NetFrameworkWrangler.vcxproj", "{4BAD4FC8-C3B1-4510-9C9A-F3E0846E2AB2}"
EndProject
Project("{FAE04EC0-301F-11D3-BF4B-00C04F79EFBC}") = "DebugVS", "DebugVS\DebugVS.csproj", "{580495AA-4313-4268-B98B-00079CE5F653}"
EndProject
Global
	GlobalSection(SolutionConfigurationPlatforms) = preSolution
		Debug|Any CPU = Debug|Any CPU
		Debug|x64 = Debug|x64
		Debug|x86 = Debug|x86
		Release|Any CPU = Release|Any CPU
		Release|x64 = Release|x64
		Release|x86 = Release|x86
	EndGlobalSection
	GlobalSection(ProjectConfigurationPlatforms) = postSolution
		{FCAB9AA6-D74E-4C57-861F-E43ABA9AAA96}.Debug|Any CPU.ActiveCfg = Debug|x64
		{FCAB9AA6-D74E-4C57-861F-E43ABA9AAA96}.Debug|Any CPU.Build.0 = Debug|x64
		{FCAB9AA6-D74E-4C57-861F-E43ABA9AAA96}.Debug|x64.ActiveCfg = Debug|x64
		{FCAB9AA6-D74E-4C57-861F-E43ABA9AAA96}.Debug|x64.Build.0 = Debug|x64
		{FCAB9AA6-D74E-4C57-861F-E43ABA9AAA96}.Debug|x86.ActiveCfg = Debug|Win32
		{FCAB9AA6-D74E-4C57-861F-E43ABA9AAA96}.Debug|x86.Build.0 = Debug|Win32
		{FCAB9AA6-D74E-4C57-861F-E43ABA9AAA96}.Release|Any CPU.ActiveCfg = Release|x64
		{FCAB9AA6-D74E-4C57-861F-E43ABA9AAA96}.Release|Any CPU.Build.0 = Release|x64
		{FCAB9AA6-D74E-4C57-861F-E43ABA9AAA96}.Release|x64.ActiveCfg = Release|x64
		{FCAB9AA6-D74E-4C57-861F-E43ABA9AAA96}.Release|x64.Build.0 = Release|x64
		{FCAB9AA6-D74E-4C57-861F-E43ABA9AAA96}.Release|x86.ActiveCfg = Release|Win32
		{FCAB9AA6-D74E-4C57-861F-E43ABA9AAA96}.Release|x86.Build.0 = Release|Win32
		{FDD42E0D-FA0D-42D3-BBD4-104D3AEF1D92}.Debug|Any CPU.ActiveCfg = Debug|x64
		{FDD42E0D-FA0D-42D3-BBD4-104D3AEF1D92}.Debug|Any CPU.Build.0 = Debug|x64
		{FDD42E0D-FA0D-42D3-BBD4-104D3AEF1D92}.Debug|x64.ActiveCfg = Debug|x64
		{FDD42E0D-FA0D-42D3-BBD4-104D3AEF1D92}.Debug|x64.Build.0 = Debug|x64
		{FDD42E0D-FA0D-42D3-BBD4-104D3AEF1D92}.Debug|x86.ActiveCfg = Debug|Win32
		{FDD42E0D-FA0D-42D3-BBD4-104D3AEF1D92}.Debug|x86.Build.0 = Debug|Win32
		{FDD42E0D-FA0D-42D3-BBD4-104D3AEF1D92}.Release|Any CPU.ActiveCfg = Release|x64
		{FDD42E0D-FA0D-42D3-BBD4-104D3AEF1D92}.Release|Any CPU.Build.0 = Release|x64
		{FDD42E0D-FA0D-42D3-BBD4-104D3AEF1D92}.Release|x64.ActiveCfg = Release|x64
		{FDD42E0D-FA0D-42D3-BBD4-104D3AEF1D92}.Release|x64.Build.0 = Release|x64
		{FDD42E0D-FA0D-42D3-BBD4-104D3AEF1D92}.Release|x86.ActiveCfg = Release|Win32
		{FDD42E0D-FA0D-42D3-BBD4-104D3AEF1D92}.Release|x86.Build.0 = Release|Win32
		{39C0B91C-5F1F-4143-A3FD-D9C549C8692F}.Debug|Any CPU.ActiveCfg = Debug|x64
		{39C0B91C-5F1F-4143-A3FD-D9C549C8692F}.Debug|Any CPU.Build.0 = Debug|x64
		{39C0B91C-5F1F-4143-A3FD-D9C549C8692F}.Debug|x64.ActiveCfg = Debug|x64
		{39C0B91C-5F1F-4143-A3FD-D9C549C8692F}.Debug|x64.Build.0 = Debug|x64
		{39C0B91C-5F1F-4143-A3FD-D9C549C8692F}.Debug|x86.ActiveCfg = Debug|Win32
		{39C0B91C-5F1F-4143-A3FD-D9C549C8692F}.Debug|x86.Build.0 = Debug|Win32
		{39C0B91C-5F1F-4143-A3FD-D9C549C8692F}.Release|Any CPU.ActiveCfg = Release|x64
		{39C0B91C-5F1F-4143-A3FD-D9C549C8692F}.Release|Any CPU.Build.0 = Release|x64
		{39C0B91C-5F1F-4143-A3FD-D9C549C8692F}.Release|x64.ActiveCfg = Release|x64
		{39C0B91C-5F1F-4143-A3FD-D9C549C8692F}.Release|x64.Build.0 = Release|x64
		{39C0B91C-5F1F-4143-A3FD-D9C549C8692F}.Release|x86.ActiveCfg = Release|Win32
		{39C0B91C-5F1F-4143-A3FD-D9C549C8692F}.Release|x86.Build.0 = Release|Win32
		{D682834C-273F-425C-ACBE-6E5304FE12F4}.Debug|Any CPU.ActiveCfg = Debug|x64
		{D682834C-273F-425C-ACBE-6E5304FE12F4}.Debug|Any CPU.Build.0 = Debug|x64
		{D682834C-273F-425C-ACBE-6E5304FE12F4}.Debug|x64.ActiveCfg = Debug|x64
		{D682834C-273F-425C-ACBE-6E5304FE12F4}.Debug|x64.Build.0 = Debug|x64
		{D682834C-273F-425C-ACBE-6E5304FE12F4}.Debug|x86.ActiveCfg = Debug|Win32
		{D682834C-273F-425C-ACBE-6E5304FE12F4}.Debug|x86.Build.0 = Debug|Win32
		{D682834C-273F-425C-ACBE-6E5304FE12F4}.Release|Any CPU.ActiveCfg = Release|x64
		{D682834C-273F-425C-ACBE-6E5304FE12F4}.Release|Any CPU.Build.0 = Release|x64
		{D682834C-273F-425C-ACBE-6E5304FE12F4}.Release|x64.ActiveCfg = Release|x64
		{D682834C-273F-425C-ACBE-6E5304FE12F4}.Release|x64.Build.0 = Release|x64
		{D682834C-273F-425C-ACBE-6E5304FE12F4}.Release|x86.ActiveCfg = Release|Win32
		{D682834C-273F-425C-ACBE-6E5304FE12F4}.Release|x86.Build.0 = Release|Win32
		{68B9CFFD-0F48-4B19-B1B5-C975797CDDEC}.Debug|Any CPU.ActiveCfg = Debug|x64
		{68B9CFFD-0F48-4B19-B1B5-C975797CDDEC}.Debug|Any CPU.Build.0 = Debug|x64
		{68B9CFFD-0F48-4B19-B1B5-C975797CDDEC}.Debug|x64.ActiveCfg = Debug|x64
		{68B9CFFD-0F48-4B19-B1B5-C975797CDDEC}.Debug|x64.Build.0 = Debug|x64
		{68B9CFFD-0F48-4B19-B1B5-C975797CDDEC}.Debug|x86.ActiveCfg = Debug|Win32
		{68B9CFFD-0F48-4B19-B1B5-C975797CDDEC}.Debug|x86.Build.0 = Debug|Win32
		{68B9CFFD-0F48-4B19-B1B5-C975797CDDEC}.Release|Any CPU.ActiveCfg = Release|x64
		{68B9CFFD-0F48-4B19-B1B5-C975797CDDEC}.Release|Any CPU.Build.0 = Release|x64
		{68B9CFFD-0F48-4B19-B1B5-C975797CDDEC}.Release|x64.ActiveCfg = Release|x64
		{68B9CFFD-0F48-4B19-B1B5-C975797CDDEC}.Release|x64.Build.0 = Release|x64
		{68B9CFFD-0F48-4B19-B1B5-C975797CDDEC}.Release|x86.ActiveCfg = Release|Win32
		{68B9CFFD-0F48-4B19-B1B5-C975797CDDEC}.Release|x86.Build.0 = Release|Win32
		{618F18B0-88D2-463A-AA2D-AC6F4BEC355C}.Debug|Any CPU.ActiveCfg = Debug|x64
		{618F18B0-88D2-463A-AA2D-AC6F4BEC355C}.Debug|Any CPU.Build.0 = Debug|x64
		{618F18B0-88D2-463A-AA2D-AC6F4BEC355C}.Debug|x64.ActiveCfg = Debug|x64
		{618F18B0-88D2-463A-AA2D-AC6F4BEC355C}.Debug|x64.Build.0 = Debug|x64
		{618F18B0-88D2-463A-AA2D-AC6F4BEC355C}.Debug|x86.ActiveCfg = Debug|Win32
		{618F18B0-88D2-463A-AA2D-AC6F4BEC355C}.Debug|x86.Build.0 = Debug|Win32
		{618F18B0-88D2-463A-AA2D-AC6F4BEC355C}.Release|Any CPU.ActiveCfg = Release|x64
		{618F18B0-88D2-463A-AA2D-AC6F4BEC355C}.Release|Any CPU.Build.0 = Release|x64
		{618F18B0-88D2-463A-AA2D-AC6F4BEC355C}.Release|x64.ActiveCfg = Release|x64
		{618F18B0-88D2-463A-AA2D-AC6F4BEC355C}.Release|x64.Build.0 = Release|x64
		{618F18B0-88D2-463A-AA2D-AC6F4BEC355C}.Release|x86.ActiveCfg = Release|Win32
		{618F18B0-88D2-463A-AA2D-AC6F4BEC355C}.Release|x86.Build.0 = Release|Win32
		{0E48927B-13A0-43EF-8BC9-E6B3B9FD3451}.Debug|Any CPU.ActiveCfg = Debug|x64
		{0E48927B-13A0-43EF-8BC9-E6B3B9FD3451}.Debug|Any CPU.Build.0 = Debug|x64
		{0E48927B-13A0-43EF-8BC9-E6B3B9FD3451}.Debug|x64.ActiveCfg = Debug|x64
		{0E48927B-13A0-43EF-8BC9-E6B3B9FD3451}.Debug|x64.Build.0 = Debug|x64
		{0E48927B-13A0-43EF-8BC9-E6B3B9FD3451}.Debug|x86.ActiveCfg = Debug|Win32
		{0E48927B-13A0-43EF-8BC9-E6B3B9FD3451}.Debug|x86.Build.0 = Debug|Win32
		{0E48927B-13A0-43EF-8BC9-E6B3B9FD3451}.Release|Any CPU.ActiveCfg = Release|x64
		{0E48927B-13A0-43EF-8BC9-E6B3B9FD3451}.Release|Any CPU.Build.0 = Release|x64
		{0E48927B-13A0-43EF-8BC9-E6B3B9FD3451}.Release|x64.ActiveCfg = Release|x64
		{0E48927B-13A0-43EF-8BC9-E6B3B9FD3451}.Release|x64.Build.0 = Release|x64
		{0E48927B-13A0-43EF-8BC9-E6B3B9FD3451}.Release|x86.ActiveCfg = Release|Win32
		{0E48927B-13A0-43EF-8BC9-E6B3B9FD3451}.Release|x86.Build.0 = Release|Win32
		{1006B56B-0A34-4DA0-BB32-E12030E5CE4D}.Debug|Any CPU.ActiveCfg = Debug|x64
		{1006B56B-0A34-4DA0-BB32-E12030E5CE4D}.Debug|Any CPU.Build.0 = Debug|x64
		{1006B56B-0A34-4DA0-BB32-E12030E5CE4D}.Debug|x64.ActiveCfg = Debug|x64
		{1006B56B-0A34-4DA0-BB32-E12030E5CE4D}.Debug|x64.Build.0 = Debug|x64
		{1006B56B-0A34-4DA0-BB32-E12030E5CE4D}.Debug|x86.ActiveCfg = Debug|Win32
		{1006B56B-0A34-4DA0-BB32-E12030E5CE4D}.Debug|x86.Build.0 = Debug|Win32
		{1006B56B-0A34-4DA0-BB32-E12030E5CE4D}.Release|Any CPU.ActiveCfg = Release|x64
		{1006B56B-0A34-4DA0-BB32-E12030E5CE4D}.Release|Any CPU.Build.0 = Release|x64
		{1006B56B-0A34-4DA0-BB32-E12030E5CE4D}.Release|x64.ActiveCfg = Release|x64
		{1006B56B-0A34-4DA0-BB32-E12030E5CE4D}.Release|x64.Build.0 = Release|x64
		{1006B56B-0A34-4DA0-BB32-E12030E5CE4D}.Release|x86.ActiveCfg = Release|Win32
		{1006B56B-0A34-4DA0-BB32-E12030E5CE4D}.Release|x86.Build.0 = Release|Win32
		{5762BC00-B755-4B72-B2D5-85F625A1EED4}.Debug|Any CPU.ActiveCfg = Debug|x64
		{5762BC00-B755-4B72-B2D5-85F625A1EED4}.Debug|Any CPU.Build.0 = Debug|x64
		{5762BC00-B755-4B72-B2D5-85F625A1EED4}.Debug|x64.ActiveCfg = Debug|x64
		{5762BC00-B755-4B72-B2D5-85F625A1EED4}.Debug|x64.Build.0 = Debug|x64
		{5762BC00-B755-4B72-B2D5-85F625A1EED4}.Debug|x86.ActiveCfg = Debug|Win32
		{5762BC00-B755-4B72-B2D5-85F625A1EED4}.Debug|x86.Build.0 = Debug|Win32
		{5762BC00-B755-4B72-B2D5-85F625A1EED4}.Release|Any CPU.ActiveCfg = Release|x64
		{5762BC00-B755-4B72-B2D5-85F625A1EED4}.Release|Any CPU.Build.0 = Release|x64
		{5762BC00-B755-4B72-B2D5-85F625A1EED4}.Release|x64.ActiveCfg = Release|x64
		{5762BC00-B755-4B72-B2D5-85F625A1EED4}.Release|x64.Build.0 = Release|x64
		{5762BC00-B755-4B72-B2D5-85F625A1EED4}.Release|x86.ActiveCfg = Release|Win32
		{5762BC00-B755-4B72-B2D5-85F625A1EED4}.Release|x86.Build.0 = Release|Win32
		{4BAD4FC8-C3B1-4510-9C9A-F3E0846E2AB2}.Debug|Any CPU.ActiveCfg = Debug|x64
		{4BAD4FC8-C3B1-4510-9C9A-F3E0846E2AB2}.Debug|Any CPU.Build.0 = Debug|x64
		{4BAD4FC8-C3B1-4510-9C9A-F3E0846E2AB2}.Debug|x64.ActiveCfg = Debug|x64
		{4BAD4FC8-C3B1-4510-9C9A-F3E0846E2AB2}.Debug|x64.Build.0 = Debug|x64
		{4BAD4FC8-C3B1-4510-9C9A-F3E0846E2AB2}.Debug|x86.ActiveCfg = Debug|Win32
		{4BAD4FC8-C3B1-4510-9C9A-F3E0846E2AB2}.Debug|x86.Build.0 = Debug|Win32
		{4BAD4FC8-C3B1-4510-9C9A-F3E0846E2AB2}.Release|Any CPU.ActiveCfg = Release|x64
		{4BAD4FC8-C3B1-4510-9C9A-F3E0846E2AB2}.Release|Any CPU.Build.0 = Release|x64
		{4BAD4FC8-C3B1-4510-9C9A-F3E0846E2AB2}.Release|x64.ActiveCfg = Release|x64
		{4BAD4FC8-C3B1-4510-9C9A-F3E0846E2AB2}.Release|x64.Build.0 = Release|x64
		{4BAD4FC8-C3B1-4510-9C9A-F3E0846E2AB2}.Release|x86.ActiveCfg = Release|Win32
		{4BAD4FC8-C3B1-4510-9C9A-F3E0846E2AB2}.Release|x86.Build.0 = Release|Win32
		{580495AA-4313-4268-B98B-00079CE5F653}.Debug|Any CPU.ActiveCfg = Debug|Any CPU
		{580495AA-4313-4268-B98B-00079CE5F653}.Debug|Any CPU.Build.0 = Debug|Any CPU
		{580495AA-4313-4268-B98B-00079CE5F653}.Debug|x64.ActiveCfg = Debug|Any CPU
		{580495AA-4313-4268-B98B-00079CE5F653}.Debug|x64.Build.0 = Debug|Any CPU
		{580495AA-4313-4268-B98B-00079CE5F653}.Debug|x86.ActiveCfg = Debug|Any CPU
		{580495AA-4313-4268-B98B-00079CE5F653}.Debug|x86.Build.0 = Debug|Any CPU
		{580495AA-4313-4268-B98B-00079CE5F653}.Release|Any CPU.ActiveCfg = Release|Any CPU
		{580495AA-4313-4268-B98B-00079CE5F653}.Release|Any CPU.Build.0 = Release|Any CPU
		{580495AA-4313-4268-B98B-00079CE5F653}.Release|x64.ActiveCfg = Debug|Any CPU
		{580495AA-4313-4268-B98B-00079CE5F653}.Release|x64.Build.0 = Debug|Any CPU
		{580495AA-4313-4268-B98B-00079CE5F653}.Release|x86.ActiveCfg = Release|Any CPU
		{580495AA-4313-4268-B98B-00079CE5F653}.Release|x86.Build.0 = Release|Any CPU
	EndGlobalSection
	GlobalSection(SolutionProperties) = preSolution
		HideSolutionNode = FALSE
	EndGlobalSection
	GlobalSection(ExtensibilityGlobals) = postSolution
		SolutionGuid = {6FF13BA8-C796-43C7-880A-41F514F2AEDD}
	EndGlobalSection
EndGlobal
